
Microsoft Visual Studio Solution File, Format Version 12.00
# Visual Studio 15
VisualStudioVersion = 15.0.27428.2037
MinimumVisualStudioVersion = 10.0.40219.1
Project("{FAE04EC0-301F-11D3-BF4B-00C04F79EFBC}") = "PairsGame", "PairsGame\PairsGame.csproj", "{A833E289-E4C0-4663-AC46-01E9C3E39F7B}"
EndProject
Project("{FAE04EC0-301F-11D3-BF4B-00C04F79EFBC}") = "ICommandDemo", "..\Lab7\LearnCommands\1.ICommandDemo\ICommandDemo\ICommandDemo.csproj", "{DFCE5D30-0373-420E-A991-6A67119A4CCE}"
EndProject
Global
	GlobalSection(SolutionConfigurationPlatforms) = preSolution
		Debug|Any CPU = Debug|Any CPU
		Release|Any CPU = Release|Any CPU
	EndGlobalSection
	GlobalSection(ProjectConfigurationPlatforms) = postSolution
		{A833E289-E4C0-4663-AC46-01E9C3E39F7B}.Debug|Any CPU.ActiveCfg = Debug|Any CPU
		{A833E289-E4C0-4663-AC46-01E9C3E39F7B}.Debug|Any CPU.Build.0 = Debug|Any CPU
		{A833E289-E4C0-4663-AC46-01E9C3E39F7B}.Release|Any CPU.ActiveCfg = Release|Any CPU
		{A833E289-E4C0-4663-AC46-01E9C3E39F7B}.Release|Any CPU.Build.0 = Release|Any CPU
		{DFCE5D30-0373-420E-A991-6A67119A4CCE}.Debug|Any CPU.ActiveCfg = Debug|Any CPU
		{DFCE5D30-0373-420E-A991-6A67119A4CCE}.Debug|Any CPU.Build.0 = Debug|Any CPU
		{DFCE5D30-0373-420E-A991-6A67119A4CCE}.Release|Any CPU.ActiveCfg = Release|Any CPU
		{DFCE5D30-0373-420E-A991-6A67119A4CCE}.Release|Any CPU.Build.0 = Release|Any CPU
	EndGlobalSection
	GlobalSection(SolutionProperties) = preSolution
		HideSolutionNode = FALSE
	EndGlobalSection
	GlobalSection(ExtensibilityGlobals) = postSolution
		SolutionGuid = {6E58FD87-873E-474B-9F9D-65A283D56E2A}
	EndGlobalSection
EndGlobal
